
Microsoft Visual Studio Solution File, Format Version 12.00
# Visual Studio Version 16
VisualStudioVersion = 16.0.30204.135
MinimumVisualStudioVersion = 10.0.40219.1
Project("{FAE04EC0-301F-11D3-BF4B-00C04F79EFBC}") = "HelpDeskWarehouse", "HelpDeskWarehouse.csproj", "{EDF497A3-1154-4A0A-9E1A-AE514CA5724E}"
EndProject
Project("{FAE04EC0-301F-11D3-BF4B-00C04F79EFBC}") = "DataBaseLayer", "DataBaseLayer\DataBaseLayer.csproj", "{C95C1AFD-18E7-4605-B3E5-99B7EE7B76D6}"
EndProject
Project("{FAE04EC0-301F-11D3-BF4B-00C04F79EFBC}") = "GUI", "GUI\GUI.csproj", "{EE2CA8BD-CF9A-40F2-9EF3-B658D6D3F373}"
EndProject
Project("{FAE04EC0-301F-11D3-BF4B-00C04F79EFBC}") = "Interfaces", "Interfaces\Interfaces.csproj", "{125B30ED-F903-4FDF-A8B9-FD8F85801A49}"
EndProject
Project("{FAE04EC0-301F-11D3-BF4B-00C04F79EFBC}") = "LogicApp", "LogicApp\LogicApp.csproj", "{9EB1011C-026E-48FE-979F-E3CAFB6A27C3}"
EndProject
Project("{FAE04EC0-301F-11D3-BF4B-00C04F79EFBC}") = "Reports", "Reports\Reports.csproj", "{60469165-6295-4B5A-8DD3-0386D9FB4DC5}"
EndProject
Global
	GlobalSection(SolutionConfigurationPlatforms) = preSolution
		Debug|Any CPU = Debug|Any CPU
		Release|Any CPU = Release|Any CPU
	EndGlobalSection
	GlobalSection(ProjectConfigurationPlatforms) = postSolution
		{EDF497A3-1154-4A0A-9E1A-AE514CA5724E}.Debug|Any CPU.ActiveCfg = Debug|Any CPU
		{EDF497A3-1154-4A0A-9E1A-AE514CA5724E}.Debug|Any CPU.Build.0 = Debug|Any CPU
		{EDF497A3-1154-4A0A-9E1A-AE514CA5724E}.Release|Any CPU.ActiveCfg = Release|Any CPU
		{EDF497A3-1154-4A0A-9E1A-AE514CA5724E}.Release|Any CPU.Build.0 = Release|Any CPU
		{C95C1AFD-18E7-4605-B3E5-99B7EE7B76D6}.Debug|Any CPU.ActiveCfg = Debug|Any CPU
		{C95C1AFD-18E7-4605-B3E5-99B7EE7B76D6}.Debug|Any CPU.Build.0 = Debug|Any CPU
		{C95C1AFD-18E7-4605-B3E5-99B7EE7B76D6}.Release|Any CPU.ActiveCfg = Release|Any CPU
		{C95C1AFD-18E7-4605-B3E5-99B7EE7B76D6}.Release|Any CPU.Build.0 = Release|Any CPU
		{EE2CA8BD-CF9A-40F2-9EF3-B658D6D3F373}.Debug|Any CPU.ActiveCfg = Debug|Any CPU
		{EE2CA8BD-CF9A-40F2-9EF3-B658D6D3F373}.Debug|Any CPU.Build.0 = Debug|Any CPU
		{EE2CA8BD-CF9A-40F2-9EF3-B658D6D3F373}.Release|Any CPU.ActiveCfg = Release|Any CPU
		{EE2CA8BD-CF9A-40F2-9EF3-B658D6D3F373}.Release|Any CPU.Build.0 = Release|Any CPU
		{125B30ED-F903-4FDF-A8B9-FD8F85801A49}.Debug|Any CPU.ActiveCfg = Debug|Any CPU
		{125B30ED-F903-4FDF-A8B9-FD8F85801A49}.Debug|Any CPU.Build.0 = Debug|Any CPU
		{125B30ED-F903-4FDF-A8B9-FD8F85801A49}.Release|Any CPU.ActiveCfg = Release|Any CPU
		{125B30ED-F903-4FDF-A8B9-FD8F85801A49}.Release|Any CPU.Build.0 = Release|Any CPU
		{9EB1011C-026E-48FE-979F-E3CAFB6A27C3}.Debug|Any CPU.ActiveCfg = Debug|Any CPU
		{9EB1011C-026E-48FE-979F-E3CAFB6A27C3}.Debug|Any CPU.Build.0 = Debug|Any CPU
		{9EB1011C-026E-48FE-979F-E3CAFB6A27C3}.Release|Any CPU.ActiveCfg = Release|Any CPU
		{9EB1011C-026E-48FE-979F-E3CAFB6A27C3}.Release|Any CPU.Build.0 = Release|Any CPU
		{60469165-6295-4B5A-8DD3-0386D9FB4DC5}.Debug|Any CPU.ActiveCfg = Debug|Any CPU
		{60469165-6295-4B5A-8DD3-0386D9FB4DC5}.Debug|Any CPU.Build.0 = Debug|Any CPU
		{60469165-6295-4B5A-8DD3-0386D9FB4DC5}.Release|Any CPU.ActiveCfg = Release|Any CPU
		{60469165-6295-4B5A-8DD3-0386D9FB4DC5}.Release|Any CPU.Build.0 = Release|Any CPU
	EndGlobalSection
	GlobalSection(SolutionProperties) = preSolution
		HideSolutionNode = FALSE
	EndGlobalSection
	GlobalSection(ExtensibilityGlobals) = postSolution
		SolutionGuid = {9F42FF54-A63A-47CC-93DE-D19F166B814B}
	EndGlobalSection
EndGlobal
